
Microsoft Visual Studio Solution File, Format Version 12.00
# Visual Studio Version 17
VisualStudioVersion = 17.4.33205.214
MinimumVisualStudioVersion = 10.0.40219.1
Project("{FAE04EC0-301F-11D3-BF4B-00C04F79EFBC}") = "EnglishPractice", "EnglishPractice\EnglishPractice.csproj", "{A46B5815-B63C-44F5-BE58-FFC6DC0EA06F}"
EndProject
Global
	GlobalSection(SolutionConfigurationPlatforms) = preSolution
		Debug|Any CPU = Debug|Any CPU
		Release|Any CPU = Release|Any CPU
	EndGlobalSection
	GlobalSection(ProjectConfigurationPlatforms) = postSolution
		{A46B5815-B63C-44F5-BE58-FFC6DC0EA06F}.Debug|Any CPU.ActiveCfg = Debug|Any CPU
		{A46B5815-B63C-44F5-BE58-FFC6DC0EA06F}.Debug|Any CPU.Build.0 = Debug|Any CPU
		{A46B5815-B63C-44F5-BE58-FFC6DC0EA06F}.Release|Any CPU.ActiveCfg = Release|Any CPU
		{A46B5815-B63C-44F5-BE58-FFC6DC0EA06F}.Release|Any CPU.Build.0 = Release|Any CPU
	EndGlobalSection
	GlobalSection(SolutionProperties) = preSolution
		HideSolutionNode = FALSE
	EndGlobalSection
	GlobalSection(ExtensibilityGlobals) = postSolution
		SolutionGuid = {614B5A56-8D36-4C18-BF96-6FD3FD6E4DCA}
	EndGlobalSection
EndGlobal
